
Microsoft Visual Studio Solution File, Format Version 12.00
# Visual Studio Version 16
VisualStudioVersion = 16.0.30907.101
MinimumVisualStudioVersion = 10.0.40219.1
Project("{F184B08F-C81C-45F6-A57F-5ABD9991F28F}") = "EMICalculator", "EMICalculator\EMICalculator.vbproj", "{FC6DFB57-14BD-499E-8583-686BCFE728C6}"
EndProject
Global
	GlobalSection(SolutionConfigurationPlatforms) = preSolution
		Debug|Any CPU = Debug|Any CPU
		Release|Any CPU = Release|Any CPU
	EndGlobalSection
	GlobalSection(ProjectConfigurationPlatforms) = postSolution
		{FC6DFB57-14BD-499E-8583-686BCFE728C6}.Debug|Any CPU.ActiveCfg = Debug|Any CPU
		{FC6DFB57-14BD-499E-8583-686BCFE728C6}.Debug|Any CPU.Build.0 = Debug|Any CPU
		{FC6DFB57-14BD-499E-8583-686BCFE728C6}.Release|Any CPU.ActiveCfg = Release|Any CPU
		{FC6DFB57-14BD-499E-8583-686BCFE728C6}.Release|Any CPU.Build.0 = Release|Any CPU
	EndGlobalSection
	GlobalSection(SolutionProperties) = preSolution
		HideSolutionNode = FALSE
	EndGlobalSection
	GlobalSection(ExtensibilityGlobals) = postSolution
		SolutionGuid = {D4DD73BF-ACBE-4F77-A2D2-D8E3C6870C4C}
	EndGlobalSection
EndGlobal
