
Microsoft Visual Studio Solution File, Format Version 12.00
# Visual Studio Version 16
VisualStudioVersion = 16.0.30204.135
MinimumVisualStudioVersion = 10.0.40219.1
Project("{F184B08F-C81C-45F6-A57F-5ABD9991F28F}") = "SimpleInterest", "SimpleInterest\SimpleInterest.vbproj", "{22B04BC2-DBAE-4387-96D4-9E2596726A79}"
EndProject
Global
	GlobalSection(SolutionConfigurationPlatforms) = preSolution
		Debug|Any CPU = Debug|Any CPU
		Release|Any CPU = Release|Any CPU
	EndGlobalSection
	GlobalSection(ProjectConfigurationPlatforms) = postSolution
		{22B04BC2-DBAE-4387-96D4-9E2596726A79}.Debug|Any CPU.ActiveCfg = Debug|Any CPU
		{22B04BC2-DBAE-4387-96D4-9E2596726A79}.Debug|Any CPU.Build.0 = Debug|Any CPU
		{22B04BC2-DBAE-4387-96D4-9E2596726A79}.Release|Any CPU.ActiveCfg = Release|Any CPU
		{22B04BC2-DBAE-4387-96D4-9E2596726A79}.Release|Any CPU.Build.0 = Release|Any CPU
	EndGlobalSection
	GlobalSection(SolutionProperties) = preSolution
		HideSolutionNode = FALSE
	EndGlobalSection
	GlobalSection(ExtensibilityGlobals) = postSolution
		SolutionGuid = {1026F834-6BF7-4F6C-8B64-B8AAD0E29E9E}
	EndGlobalSection
EndGlobal
