
Microsoft Visual Studio Solution File, Format Version 12.00
# Visual Studio Version 16
VisualStudioVersion = 16.0.30204.135
MinimumVisualStudioVersion = 10.0.40219.1
Project("{F184B08F-C81C-45F6-A57F-5ABD9991F28F}") = "Cube Root", "Cube Root\Cube Root.vbproj", "{41A4A9FB-81A5-4A3C-A4E2-F8CFEF27ECD3}"
EndProject
Global
	GlobalSection(SolutionConfigurationPlatforms) = preSolution
		Debug|Any CPU = Debug|Any CPU
		Release|Any CPU = Release|Any CPU
	EndGlobalSection
	GlobalSection(ProjectConfigurationPlatforms) = postSolution
		{41A4A9FB-81A5-4A3C-A4E2-F8CFEF27ECD3}.Debug|Any CPU.ActiveCfg = Debug|Any CPU
		{41A4A9FB-81A5-4A3C-A4E2-F8CFEF27ECD3}.Debug|Any CPU.Build.0 = Debug|Any CPU
		{41A4A9FB-81A5-4A3C-A4E2-F8CFEF27ECD3}.Release|Any CPU.ActiveCfg = Release|Any CPU
		{41A4A9FB-81A5-4A3C-A4E2-F8CFEF27ECD3}.Release|Any CPU.Build.0 = Release|Any CPU
	EndGlobalSection
	GlobalSection(SolutionProperties) = preSolution
		HideSolutionNode = FALSE
	EndGlobalSection
	GlobalSection(ExtensibilityGlobals) = postSolution
		SolutionGuid = {247B127D-96DB-49D8-A3EB-A17B5FEF39D5}
	EndGlobalSection
EndGlobal
