
Microsoft Visual Studio Solution File, Format Version 12.00
# Visual Studio Version 16
VisualStudioVersion = 16.0.30204.135
MinimumVisualStudioVersion = 10.0.40219.1
Project("{F184B08F-C81C-45F6-A57F-5ABD9991F28F}") = "Multiplication", "Multiplication\Multiplication.vbproj", "{6E812307-7D5B-4A70-8A45-081663A283DA}"
EndProject
Global
	GlobalSection(SolutionConfigurationPlatforms) = preSolution
		Debug|Any CPU = Debug|Any CPU
		Release|Any CPU = Release|Any CPU
	EndGlobalSection
	GlobalSection(ProjectConfigurationPlatforms) = postSolution
		{6E812307-7D5B-4A70-8A45-081663A283DA}.Debug|Any CPU.ActiveCfg = Debug|Any CPU
		{6E812307-7D5B-4A70-8A45-081663A283DA}.Debug|Any CPU.Build.0 = Debug|Any CPU
		{6E812307-7D5B-4A70-8A45-081663A283DA}.Release|Any CPU.ActiveCfg = Release|Any CPU
		{6E812307-7D5B-4A70-8A45-081663A283DA}.Release|Any CPU.Build.0 = Release|Any CPU
	EndGlobalSection
	GlobalSection(SolutionProperties) = preSolution
		HideSolutionNode = FALSE
	EndGlobalSection
	GlobalSection(ExtensibilityGlobals) = postSolution
		SolutionGuid = {607E6389-E059-4EC1-B966-FB6FD7A9056C}
	EndGlobalSection
EndGlobal
